{
  "name": "licence",
  "version": "1.0.0",
  "lockfileVersion": 3,
  "requires": true,
  "packages": {
    "": {
      "name": "licence",
      "version": "1.0.0",
      "devDependencies": {
        "empty-piral": "1.8.5"
      }
    },
    "node_modules/empty-piral": {
      "version": "1.8.5",
      "resolved": "https://registry.npmjs.org/empty-piral/-/empty-piral-1.8.5.tgz",
      "integrity": "sha512-1PECwnSgph2+DSV1XZjyIjc8oQQlRJ9Y6QqyYCiuEGxYJ3lTlqxaALDiENF6MNCzNs2fl6Im6zG3nB6osMGfSg==",
      "dev": true,
      "license": "MIT"
    }
  }
}
